{
  "originHash" : "b7534b20d5278e9da0fba34475a4ad2e736a2b28e24e0209031e4bbaff242f56",
  "pins" : [
    {
      "identity" : "dbscan",
      "kind" : "remoteSourceControl",
      "location" : "https://github.com/NSHipster/DBSCAN",
      "state" : {
        "revision" : "785f9dde344ead54132fed58611a35fec1fe82e5",
        "version" : "0.0.2"
      }
    },
    {
      "identity" : "generative-ai-swift",
      "kind" : "remoteSourceControl",
      "location" : "https://github.com/google/generative-ai-swift",
      "state" : {
        "revision" : "e2cebcd90645a3a94c0c823696e510a176bc384a",
        "version" : "0.4.8"
      }
    },
    {
      "identity" : "kdtree",
      "kind" : "remoteSourceControl",
      "location" : "https://github.com/Bersaelor/KDTree",
      "state" : {
        "revision" : "35d14064d48d92a0c2c1215b93a3118f558b2e6b",
        "version" : "1.4.2"
      }
    }
  ],
  "version" : 3
}
